PODS:
  - AFNetworking (2.5.0):
    - AFNetworking/NSURLConnection (= 2.5.0)
    - AFNetworking/NSURLSession (= 2.5.0)
    - AFNetworking/Reachability (= 2.5.0)
    - AFNetworking/Security (= 2.5.0)
    - AFNetworking/Serialization (= 2.5.0)
    - AFNetworking/UIKit (= 2.5.0)
  - AFNetworking/NSURLConnection (2.5.0):
    - AFNetworking/Reachability
    - AFNetworking/Security
    - AFNetworking/Serialization
  - AFNetworking/NSURLSession (2.5.0):
    - AFNetworking/Reachability
    - AFNetworking/Security
    - AFNetworking/Serialization
  - AFNetworking/Reachability (2.5.0)
  - AFNetworking/Security (2.5.0)
  - AFNetworking/Serialization (2.5.0)
  - AFNetworking/UIKit (2.5.0):
    - AFNetworking/NSURLConnection
    - AFNetworking/NSURLSession
  - Base64nl (1.2)
  - GUGameUpSDK (0.6.0):
    - AFNetworking (~> 2.5.0)
    - Base64nl (~> 1.2)

DEPENDENCIES:
  - GUGameUpSDK (from `../GUGameUpSDK`)

EXTERNAL SOURCES:
  GUGameUpSDK:
    :path: ../GUGameUpSDK

SPEC CHECKSUMS:
  AFNetworking: 96ac9bf3eda33582701cb1fcc5b896aa1e20311e
  Base64nl: a497bdcd1c01ea793d36b399016195a8713c0e95
  GUGameUpSDK: 590bc0c87af4e93c36cbc302c1a5ce0608306b89

COCOAPODS: 0.36.3
