// !$*UTF8*$!
{
	archiveVersion = 1;
	classes = {
	};
	objectVersion = 46;
	objects = {

/* Begin PBXBuildFile section */
		8A018FB31A2F7DEF007EF85E /* GUAchievement.m in Sources */ = {isa = PBXBuildFile; fileRef = 8A018FB01A2F7DEF007EF85E /* GUAchievement.m */; };
		8A018FB41A2F7DEF007EF85E /* GUServer.m in Sources */ = {isa = PBXBuildFile; fileRef = 8A018FB21A2F7DEF007EF85E /* GUServer.m */; };
		8A018FB51A2F7E0A007EF85E /* GUServer.h in Copy Files */ = {isa = PBXBuildFile; fileRef = 8A018FB11A2F7DEF007EF85E /* GUServer.h */; };
		8A018FB61A2F7E0E007EF85E /* GUAchievement.h in Copy Files */ = {isa = PBXBuildFile; fileRef = 8A018FAF1A2F7DEF007EF85E /* GUAchievement.h */; };
		8A018FB71A2F7E8A007EF85E /* GUGame.h in Copy Files */ = {isa = PBXBuildFile; fileRef = CD0742F41969FDF1003F0BE8 /* GUGame.h */; };
		8A38B40B1A31FC3B002FC7B0 /* GUAchievementUpdate.m in Sources */ = {isa = PBXBuildFile; fileRef = 8A38B40A1A31FC3B002FC7B0 /* GUAchievementUpdate.m */; };
		8A38B40C1A3202A6002FC7B0 /* GUAchievementUpdate.h in Copy Files */ = {isa = PBXBuildFile; fileRef = 8A38B4091A31FC1B002FC7B0 /* GUAchievementUpdate.h */; };
		CD0742F01969FDF1003F0BE8 /* Foundation.framework in Frameworks */ = {isa = PBXBuildFile; fileRef = CD0742EF1969FDF1003F0BE8 /* Foundation.framework */; };
		CD0742F71969FDF1003F0BE8 /* GUGame.m in Sources */ = {isa = PBXBuildFile; fileRef = CD0742F61969FDF1003F0BE8 /* GUGame.m */; };
		CD1D2AB21979190A009D1D4D /* libPods.a in Frameworks */ = {isa = PBXBuildFile; fileRef = CD1D2AB11979190A009D1D4D /* libPods.a */; };
		CD33F2201A5027F400275061 /* GUDefaultRequestRetryHandler.m in Sources */ = {isa = PBXBuildFile; fileRef = CD33F21F1A5027F400275061 /* GUDefaultRequestRetryHandler.m */; };
		CD33F2221A50282800275061 /* GUDefaultRequestRetryHandler.h in Copy Files */ = {isa = PBXBuildFile; fileRef = CD33F2211A50280000275061 /* GUDefaultRequestRetryHandler.h */; };
		CD33F2231A50282D00275061 /* GURequestRetryHandlerProtocol.h in Copy Files */ = {isa = PBXBuildFile; fileRef = CD33F21E1A50208600275061 /* GURequestRetryHandlerProtocol.h */; };
		CD34E7DB1A50995200A253E0 /* GUNoRequestRetryHandler.m in Sources */ = {isa = PBXBuildFile; fileRef = CD34E7DA1A50995200A253E0 /* GUNoRequestRetryHandler.m */; };
		CD34E7DE1A50A94A00A253E0 /* NSURLRequest+GUURLRequest.m in Sources */ = {isa = PBXBuildFile; fileRef = CD34E7DD1A50A94A00A253E0 /* NSURLRequest+GUURLRequest.m */; };
		CD34E7DF1A50AFC600A253E0 /* NSURLRequest+GUURLRequest.h in Copy Files */ = {isa = PBXBuildFile; fileRef = CD34E7DC1A50A94A00A253E0 /* NSURLRequest+GUURLRequest.h */; };
		CD34E7E01A50AFE500A253E0 /* GUNoRequestRetryHandler.h in Copy Files */ = {isa = PBXBuildFile; fileRef = CD34E7D91A50992D00A253E0 /* GUNoRequestRetryHandler.h */; };
		CD8828AD199107A4009E8D10 /* GUGamer.m in Sources */ = {isa = PBXBuildFile; fileRef = CD77CF86197F1B13006ACC0D /* GUGamer.m */; };
		CD8828AF19910818009E8D10 /* GUGamer.h in Copy Files */ = {isa = PBXBuildFile; fileRef = CD77CF85197F1B13006ACC0D /* GUGamer.h */; };
		CD8828B21991083D009E8D10 /* GUGameUp.m in Sources */ = {isa = PBXBuildFile; fileRef = CD8828B11991083D009E8D10 /* GUGameUp.m */; };
		CD8828B319910860009E8D10 /* GUGameUp.h in Copy Files */ = {isa = PBXBuildFile; fileRef = CD8828B01991083D009E8D10 /* GUGameUp.h */; };
		CD8D1DE81A4E3713002B6AF9 /* GULoginStoryboard.storyboard in Resources */ = {isa = PBXBuildFile; fileRef = CD8D1DE71A4E3713002B6AF9 /* GULoginStoryboard.storyboard */; };
		CDECE7B01A54461A000ADDEF /* GULeaderboard.m in Sources */ = {isa = PBXBuildFile; fileRef = CDECE7AF1A54461A000ADDEF /* GULeaderboard.m */; };
		CDECE7B51A5446A1000ADDEF /* GULeaderboardRank.m in Sources */ = {isa = PBXBuildFile; fileRef = CDECE7B41A5446A1000ADDEF /* GULeaderboardRank.m */; };
		CDECE7B81A54594E000ADDEF /* GULeaderboardEntry.m in Sources */ = {isa = PBXBuildFile; fileRef = CDECE7B71A54594E000ADDEF /* GULeaderboardEntry.m */; };
		CDECE7BA1A54643E000ADDEF /* GULeaderboardUpdate.h in Copy Files */ = {isa = PBXBuildFile; fileRef = CDECE7AC1A5445C4000ADDEF /* GULeaderboardUpdate.h */; };
		CDECE7BB1A546440000ADDEF /* GULeaderboard.h in Copy Files */ = {isa = PBXBuildFile; fileRef = CDECE7B11A544622000ADDEF /* GULeaderboard.h */; };
		CDECE7BC1A546444000ADDEF /* GULeaderboardEntry.h in Copy Files */ = {isa = PBXBuildFile; fileRef = CDECE7B91A545958000ADDEF /* GULeaderboardEntry.h */; };
		CDECE7BD1A546446000ADDEF /* GULeaderboardRank.h in Copy Files */ = {isa = PBXBuildFile; fileRef = CDECE7B61A5446A9000ADDEF /* GULeaderboardRank.h */; };
		CDECE7BE1A54644D000ADDEF /* GULeaderboardUpdate.m in Sources */ = {isa = PBXBuildFile; fileRef = CDECE7AE1A5445D4000ADDEF /* GULeaderboardUpdate.m */; };
		CDEF31401987A12E00480139 /* GULoginViewController.m in Sources */ = {isa = PBXBuildFile; fileRef = CDEF313E1987A12E00480139 /* GULoginViewController.m */; };
		CDEF31451987A6CB00480139 /* GULoginViewController.h in Copy Files */ = {isa = PBXBuildFile; fileRef = CDEF313D1987A12E00480139 /* GULoginViewController.h */; };
		CDFA81691983A3990017F277 /* GUResponderProtocol.h in Copy Files */ = {isa = PBXBuildFile; fileRef = CD77CF91197F27BA006ACC0D /* GUResponderProtocol.h */; };
		CDFA816A1983A3990017F277 /* GUJSONSerialisableProtocol.h in Copy Files */ = {isa = PBXBuildFile; fileRef = 8AB0CBDE1982ADEC004E243D /* GUJSONSerialisableProtocol.h */; };
/* End PBXBuildFile section */

/* Begin PBXCopyFilesBuildPhase section */
		CD0742EA1969FDF1003F0BE8 /* Copy Files */ = {
			isa = PBXCopyFilesBuildPhase;
			buildActionMask = 2147483647;
			dstPath = include;
			dstSubfolderSpec = 16;
			files = (
				CDECE7BD1A546446000ADDEF /* GULeaderboardRank.h in Copy Files */,
				8A018FB61A2F7E0E007EF85E /* GUAchievement.h in Copy Files */,
				8A38B40C1A3202A6002FC7B0 /* GUAchievementUpdate.h in Copy Files */,
				8A018FB51A2F7E0A007EF85E /* GUServer.h in Copy Files */,
				CD8828B319910860009E8D10 /* GUGameUp.h in Copy Files */,
				8A018FB71A2F7E8A007EF85E /* GUGame.h in Copy Files */,
				CD8828AF19910818009E8D10 /* GUGamer.h in Copy Files */,
				CDEF31451987A6CB00480139 /* GULoginViewController.h in Copy Files */,
				CDFA81691983A3990017F277 /* GUResponderProtocol.h in Copy Files */,
				CDFA816A1983A3990017F277 /* GUJSONSerialisableProtocol.h in Copy Files */,
				CD33F2231A50282D00275061 /* GURequestRetryHandlerProtocol.h in Copy Files */,
				CD33F2221A50282800275061 /* GUDefaultRequestRetryHandler.h in Copy Files */,
				CD34E7E01A50AFE500A253E0 /* GUNoRequestRetryHandler.h in Copy Files */,
				CD34E7DF1A50AFC600A253E0 /* NSURLRequest+GUURLRequest.h in Copy Files */,
				CDECE7BA1A54643E000ADDEF /* GULeaderboardUpdate.h in Copy Files */,
				CDECE7BB1A546440000ADDEF /* GULeaderboard.h in Copy Files */,
				CDECE7BC1A546444000ADDEF /* GULeaderboardEntry.h in Copy Files */,
			);
			name = "Copy Files";
			runOnlyForDeploymentPostprocessing = 0;
		};
/* End PBXCopyFilesBuildPhase section */

/* Begin PBXFileReference section */
		61E67FDF41755CF42A5D99C9 /* Pods.release.xcconfig */ = {isa = PBXFileReference; includeInIndex = 1; lastKnownFileType = text.xcconfig; name = Pods.release.xcconfig; path = "Pods/Target Support Files/Pods/Pods.release.xcconfig"; sourceTree = "<group>"; };
		8A018FAF1A2F7DEF007EF85E /* GUAchievement.h */ = {isa = PBXFileReference; fileEncoding = 4; lastKnownFileType = sourcecode.c.h; path = GUAchievement.h; sourceTree = "<group>"; };
		8A018FB01A2F7DEF007EF85E /* GUAchievement.m */ = {isa = PBXFileReference; fileEncoding = 4; lastKnownFileType = sourcecode.c.objc; path = GUAchievement.m; sourceTree = "<group>"; };
		8A018FB11A2F7DEF007EF85E /* GUServer.h */ = {isa = PBXFileReference; fileEncoding = 4; lastKnownFileType = sourcecode.c.h; path = GUServer.h; sourceTree = "<group>"; };
		8A018FB21A2F7DEF007EF85E /* GUServer.m */ = {isa = PBXFileReference; fileEncoding = 4; lastKnownFileType = sourcecode.c.objc; path = GUServer.m; sourceTree = "<group>"; };
		8A38B4091A31FC1B002FC7B0 /* GUAchievementUpdate.h */ = {isa = PBXFileReference; fileEncoding = 4; lastKnownFileType = sourcecode.c.h; path = GUAchievementUpdate.h; sourceTree = "<group>"; };
		8A38B40A1A31FC3B002FC7B0 /* GUAchievementUpdate.m */ = {isa = PBXFileReference; fileEncoding = 4; lastKnownFileType = sourcecode.c.objc; path = GUAchievementUpdate.m; sourceTree = "<group>"; };
		8AB0CBDE1982ADEC004E243D /* GUJSONSerialisableProtocol.h */ = {isa = PBXFileReference; fileEncoding = 4; lastKnownFileType = sourcecode.c.h; path = GUJSONSerialisableProtocol.h; sourceTree = "<group>"; };
		99A12952ADFE5319676D3E93 /* Pods.debug.xcconfig */ = {isa = PBXFileReference; includeInIndex = 1; lastKnownFileType = text.xcconfig; name = Pods.debug.xcconfig; path = "Pods/Target Support Files/Pods/Pods.debug.xcconfig"; sourceTree = "<group>"; };
		CD0742EC1969FDF1003F0BE8 /* libGUGameUpSDK.a */ = {isa = PBXFileReference; explicitFileType = archive.ar; includeInIndex = 0; path = libGUGameUpSDK.a; sourceTree = BUILT_PRODUCTS_DIR; };
		CD0742EF1969FDF1003F0BE8 /* Foundation.framework */ = {isa = PBXFileReference; lastKnownFileType = wrapper.framework; name = Foundation.framework; path = System/Library/Frameworks/Foundation.framework; sourceTree = SDKROOT; };
		CD0742F31969FDF1003F0BE8 /* GUGameUpSDK-Prefix.pch */ = {isa = PBXFileReference; lastKnownFileType = sourcecode.c.h; path = "GUGameUpSDK-Prefix.pch"; sourceTree = "<group>"; };
		CD0742F41969FDF1003F0BE8 /* GUGame.h */ = {isa = PBXFileReference; lastKnownFileType = sourcecode.c.h; path = GUGame.h; sourceTree = "<group>"; };
		CD0742F61969FDF1003F0BE8 /* GUGame.m */ = {isa = PBXFileReference; lastKnownFileType = sourcecode.c.objc; path = GUGame.m; sourceTree = "<group>"; };
		CD0742FD1969FDF1003F0BE8 /* XCTest.framework */ = {isa = PBXFileReference; lastKnownFileType = wrapper.framework; name = XCTest.framework; path = Library/Frameworks/XCTest.framework; sourceTree = DEVELOPER_DIR; };
		CD1D2AB11979190A009D1D4D /* libPods.a */ = {isa = PBXFileReference; lastKnownFileType = archive.ar; name = libPods.a; path = "../GUGameUpSDKDemo/Pods/build/Debug-iphoneos/libPods.a"; sourceTree = "<group>"; };
		CD33F21E1A50208600275061 /* GURequestRetryHandlerProtocol.h */ = {isa = PBXFileReference; fileEncoding = 4; lastKnownFileType = sourcecode.c.h; path = GURequestRetryHandlerProtocol.h; sourceTree = "<group>"; };
		CD33F21F1A5027F400275061 /* GUDefaultRequestRetryHandler.m */ = {isa = PBXFileReference; fileEncoding = 4; lastKnownFileType = sourcecode.c.objc; path = GUDefaultRequestRetryHandler.m; sourceTree = "<group>"; };
		CD33F2211A50280000275061 /* GUDefaultRequestRetryHandler.h */ = {isa = PBXFileReference; fileEncoding = 4; lastKnownFileType = sourcecode.c.h; path = GUDefaultRequestRetryHandler.h; sourceTree = "<group>"; };
		CD34E7D91A50992D00A253E0 /* GUNoRequestRetryHandler.h */ = {isa = PBXFileReference; fileEncoding = 4; lastKnownFileType = sourcecode.c.h; path = GUNoRequestRetryHandler.h; sourceTree = "<group>"; };
		CD34E7DA1A50995200A253E0 /* GUNoRequestRetryHandler.m */ = {isa = PBXFileReference; fileEncoding = 4; lastKnownFileType = sourcecode.c.objc; path = GUNoRequestRetryHandler.m; sourceTree = "<group>"; };
		CD34E7DC1A50A94A00A253E0 /* NSURLRequest+GUURLRequest.h */ = {isa = PBXFileReference; fileEncoding = 4; lastKnownFileType = sourcecode.c.h; path = "NSURLRequest+GUURLRequest.h"; sourceTree = "<group>"; };
		CD34E7DD1A50A94A00A253E0 /* NSURLRequest+GUURLRequest.m */ = {isa = PBXFileReference; fileEncoding = 4; lastKnownFileType = sourcecode.c.objc; path = "NSURLRequest+GUURLRequest.m"; sourceTree = "<group>"; };
		CD77CF85197F1B13006ACC0D /* GUGamer.h */ = {isa = PBXFileReference; fileEncoding = 4; lastKnownFileType = sourcecode.c.h; path = GUGamer.h; sourceTree = "<group>"; };
		CD77CF86197F1B13006ACC0D /* GUGamer.m */ = {isa = PBXFileReference; fileEncoding = 4; lastKnownFileType = sourcecode.c.objc; path = GUGamer.m; sourceTree = "<group>"; };
		CD77CF91197F27BA006ACC0D /* GUResponderProtocol.h */ = {isa = PBXFileReference; fileEncoding = 4; lastKnownFileType = sourcecode.c.h; path = GUResponderProtocol.h; sourceTree = "<group>"; };
		CD8828B01991083D009E8D10 /* GUGameUp.h */ = {isa = PBXFileReference; fileEncoding = 4; lastKnownFileType = sourcecode.c.h; path = GUGameUp.h; sourceTree = "<group>"; };
		CD8828B11991083D009E8D10 /* GUGameUp.m */ = {isa = PBXFileReference; fileEncoding = 4; lastKnownFileType = sourcecode.c.objc; path = GUGameUp.m; sourceTree = "<group>"; };
		CD8D1DE71A4E3713002B6AF9 /* GULoginStoryboard.storyboard */ = {isa = PBXFileReference; fileEncoding = 4; lastKnownFileType = file.storyboard; path = GULoginStoryboard.storyboard; sourceTree = "<group>"; };
		CDC0F6A6196FD80800670565 /* CoreFoundation.framework */ = {isa = PBXFileReference; lastKnownFileType = wrapper.framework; name = CoreFoundation.framework; path = System/Library/Frameworks/CoreFoundation.framework; sourceTree = SDKROOT; };
		CDECE7AC1A5445C4000ADDEF /* GULeaderboardUpdate.h */ = {isa = PBXFileReference; fileEncoding = 4; lastKnownFileType = sourcecode.c.h; path = GULeaderboardUpdate.h; sourceTree = "<group>"; };
		CDECE7AE1A5445D4000ADDEF /* GULeaderboardUpdate.m */ = {isa = PBXFileReference; lastKnownFileType = sourcecode.c.objc; path = GULeaderboardUpdate.m; sourceTree = "<group>"; };
		CDECE7AF1A54461A000ADDEF /* GULeaderboard.m */ = {isa = PBXFileReference; fileEncoding = 4; lastKnownFileType = sourcecode.c.objc; path = GULeaderboard.m; sourceTree = "<group>"; };
		CDECE7B11A544622000ADDEF /* GULeaderboard.h */ = {isa = PBXFileReference; lastKnownFileType = sourcecode.c.h; path = GULeaderboard.h; sourceTree = "<group>"; };
		CDECE7B41A5446A1000ADDEF /* GULeaderboardRank.m */ = {isa = PBXFileReference; fileEncoding = 4; lastKnownFileType = sourcecode.c.objc; path = GULeaderboardRank.m; sourceTree = "<group>"; };
		CDECE7B61A5446A9000ADDEF /* GULeaderboardRank.h */ = {isa = PBXFileReference; lastKnownFileType = sourcecode.c.h; path = GULeaderboardRank.h; sourceTree = "<group>"; };
		CDECE7B71A54594E000ADDEF /* GULeaderboardEntry.m */ = {isa = PBXFileReference; fileEncoding = 4; lastKnownFileType = sourcecode.c.objc; path = GULeaderboardEntry.m; sourceTree = "<group>"; };
		CDECE7B91A545958000ADDEF /* GULeaderboardEntry.h */ = {isa = PBXFileReference; lastKnownFileType = sourcecode.c.h; path = GULeaderboardEntry.h; sourceTree = "<group>"; };
		CDEF313D1987A12E00480139 /* GULoginViewController.h */ = {isa = PBXFileReference; fileEncoding = 4; lastKnownFileType = sourcecode.c.h; path = GULoginViewController.h; sourceTree = "<group>"; };
		CDEF313E1987A12E00480139 /* GULoginViewController.m */ = {isa = PBXFileReference; fileEncoding = 4; lastKnownFileType = sourcecode.c.objc; path = GULoginViewController.m; sourceTree = "<group>"; };
		CDFDAB7D19701CD2000826E3 /* UIKit.framework */ = {isa = PBXFileReference; lastKnownFileType = wrapper.framework; name = UIKit.framework; path = System/Library/Frameworks/UIKit.framework; sourceTree = SDKROOT; };
/* End PBXFileReference section */

/* Begin PBXFrameworksBuildPhase section */
		CD0742E91969FDF1003F0BE8 /* Frameworks */ = {
			isa = PBXFrameworksBuildPhase;
			buildActionMask = 2147483647;
			files = (
				CD1D2AB21979190A009D1D4D /* libPods.a in Frameworks */,
				CD0742F01969FDF1003F0BE8 /* Foundation.framework in Frameworks */,
			);
			runOnlyForDeploymentPostprocessing = 0;
		};
/* End PBXFrameworksBuildPhase section */

/* Begin PBXGroup section */
		BA1A1406EFA94FCAD9B66AF8 /* Pods */ = {
			isa = PBXGroup;
			children = (
				99A12952ADFE5319676D3E93 /* Pods.debug.xcconfig */,
				61E67FDF41755CF42A5D99C9 /* Pods.release.xcconfig */,
			);
			name = Pods;
			sourceTree = "<group>";
		};
		CD0742E31969FDF1003F0BE8 = {
			isa = PBXGroup;
			children = (
				CD0742F11969FDF1003F0BE8 /* Classes */,
				CD0742EE1969FDF1003F0BE8 /* Frameworks */,
				CD0742ED1969FDF1003F0BE8 /* Products */,
				BA1A1406EFA94FCAD9B66AF8 /* Pods */,
			);
			sourceTree = "<group>";
		};
		CD0742ED1969FDF1003F0BE8 /* Products */ = {
			isa = PBXGroup;
			children = (
				CD0742EC1969FDF1003F0BE8 /* libGUGameUpSDK.a */,
			);
			name = Products;
			sourceTree = "<group>";
		};
		CD0742EE1969FDF1003F0BE8 /* Frameworks */ = {
			isa = PBXGroup;
			children = (
				CD1D2AB11979190A009D1D4D /* libPods.a */,
				CDFDAB7D19701CD2000826E3 /* UIKit.framework */,
				CD0742EF1969FDF1003F0BE8 /* Foundation.framework */,
				CD0742FD1969FDF1003F0BE8 /* XCTest.framework */,
				CDC0F6A6196FD80800670565 /* CoreFoundation.framework */,
			);
			name = Frameworks;
			sourceTree = "<group>";
		};
		CD0742F11969FDF1003F0BE8 /* Classes */ = {
			isa = PBXGroup;
			children = (
				CD8828B01991083D009E8D10 /* GUGameUp.h */,
				CD8828B11991083D009E8D10 /* GUGameUp.m */,
				8A018FAF1A2F7DEF007EF85E /* GUAchievement.h */,
				8A018FB01A2F7DEF007EF85E /* GUAchievement.m */,
				8A38B4091A31FC1B002FC7B0 /* GUAchievementUpdate.h */,
				8A38B40A1A31FC3B002FC7B0 /* GUAchievementUpdate.m */,
				CD0742F41969FDF1003F0BE8 /* GUGame.h */,
				CD0742F61969FDF1003F0BE8 /* GUGame.m */,
				CD77CF85197F1B13006ACC0D /* GUGamer.h */,
				CD77CF86197F1B13006ACC0D /* GUGamer.m */,
				8A018FB11A2F7DEF007EF85E /* GUServer.h */,
				8A018FB21A2F7DEF007EF85E /* GUServer.m */,
				CD34E7DC1A50A94A00A253E0 /* NSURLRequest+GUURLRequest.h */,
				CD34E7DD1A50A94A00A253E0 /* NSURLRequest+GUURLRequest.m */,
				CD77CF91197F27BA006ACC0D /* GUResponderProtocol.h */,
				8AB0CBDE1982ADEC004E243D /* GUJSONSerialisableProtocol.h */,
				CD33F21E1A50208600275061 /* GURequestRetryHandlerProtocol.h */,
				CD33F2211A50280000275061 /* GUDefaultRequestRetryHandler.h */,
				CD33F21F1A5027F400275061 /* GUDefaultRequestRetryHandler.m */,
				CD34E7D91A50992D00A253E0 /* GUNoRequestRetryHandler.h */,
				CD34E7DA1A50995200A253E0 /* GUNoRequestRetryHandler.m */,
				CDEF313D1987A12E00480139 /* GULoginViewController.h */,
				CDEF313E1987A12E00480139 /* GULoginViewController.m */,
				CD8D1DE71A4E3713002B6AF9 /* GULoginStoryboard.storyboard */,
				CD0742F21969FDF1003F0BE8 /* Supporting Files */,
				CDECE7AC1A5445C4000ADDEF /* GULeaderboardUpdate.h */,
				CDECE7AE1A5445D4000ADDEF /* GULeaderboardUpdate.m */,
				CDECE7B11A544622000ADDEF /* GULeaderboard.h */,
				CDECE7AF1A54461A000ADDEF /* GULeaderboard.m */,
				CDECE7B91A545958000ADDEF /* GULeaderboardEntry.h */,
				CDECE7B71A54594E000ADDEF /* GULeaderboardEntry.m */,
				CDECE7B61A5446A9000ADDEF /* GULeaderboardRank.h */,
				CDECE7B41A5446A1000ADDEF /* GULeaderboardRank.m */,
			);
			path = Classes;
			sourceTree = "<group>";
		};
		CD0742F21969FDF1003F0BE8 /* Supporting Files */ = {
			isa = PBXGroup;
			children = (
				CD0742F31969FDF1003F0BE8 /* GUGameUpSDK-Prefix.pch */,
			);
			name = "Supporting Files";
			sourceTree = "<group>";
		};
/* End PBXGroup section */

/* Begin PBXNativeTarget section */
		CD0742EB1969FDF1003F0BE8 /* GUGameUpSDK */ = {
			isa = PBXNativeTarget;
			buildConfigurationList = CD07430F1969FDF1003F0BE8 /* Build configuration list for PBXNativeTarget "GUGameUpSDK" */;
			buildPhases = (
				A59B04A1119246F88551031A /* Check Pods Manifest.lock */,
				CD0742E81969FDF1003F0BE8 /* Sources */,
				CD0742E91969FDF1003F0BE8 /* Frameworks */,
				CD0742EA1969FDF1003F0BE8 /* Copy Files */,
				B70E9FB2E913495891555B7B /* Copy Pods Resources */,
				CD8828A91990FEA6009E8D10 /* Resources */,
			);
			buildRules = (
			);
			dependencies = (
			);
			name = GUGameUpSDK;
			productName = GUGameUpSDK;
			productReference = CD0742EC1969FDF1003F0BE8 /* libGUGameUpSDK.a */;
			productType = "com.apple.product-type.library.static";
		};
/* End PBXNativeTarget section */

/* Begin PBXProject section */
		CD0742E41969FDF1003F0BE8 /* Project object */ = {
			isa = PBXProject;
			attributes = {
				LastUpgradeCheck = 0510;
				ORGANIZATIONNAME = GameUp;
			};
			buildConfigurationList = CD0742E71969FDF1003F0BE8 /* Build configuration list for PBXProject "GUGameUpSDK" */;
			compatibilityVersion = "Xcode 3.2";
			developmentRegion = English;
			hasScannedForEncodings = 0;
			knownRegions = (
				en,
			);
			mainGroup = CD0742E31969FDF1003F0BE8;
			productRefGroup = CD0742ED1969FDF1003F0BE8 /* Products */;
			projectDirPath = "";
			projectRoot = "";
			targets = (
				CD0742EB1969FDF1003F0BE8 /* GUGameUpSDK */,
			);
		};
/* End PBXProject section */

/* Begin PBXResourcesBuildPhase section */
		CD8828A91990FEA6009E8D10 /* Resources */ = {
			isa = PBXResourcesBuildPhase;
			buildActionMask = 2147483647;
			files = (
				CD8D1DE81A4E3713002B6AF9 /* GULoginStoryboard.storyboard in Resources */,
			);
			runOnlyForDeploymentPostprocessing = 0;
		};
/* End PBXResourcesBuildPhase section */

/* Begin PBXShellScriptBuildPhase section */
		A59B04A1119246F88551031A /* Check Pods Manifest.lock */ = {
			isa = PBXShellScriptBuildPhase;
			buildActionMask = 2147483647;
			files = (
			);
			inputPaths = (
			);
			name = "Check Pods Manifest.lock";
			outputPaths = (
			);
			runOnlyForDeploymentPostprocessing = 0;
			shellPath = /bin/sh;
			shellScript = "diff \"${PODS_ROOT}/../Podfile.lock\" \"${PODS_ROOT}/Manifest.lock\" > /dev/null\nif [[ $? != 0 ]] ; then\n    cat << EOM\nerror: The sandbox is not in sync with the Podfile.lock. Run 'pod install' or update your CocoaPods installation.\nEOM\n    exit 1\nfi\n";
			showEnvVarsInLog = 0;
		};
		B70E9FB2E913495891555B7B /* Copy Pods Resources */ = {
			isa = PBXShellScriptBuildPhase;
			buildActionMask = 2147483647;
			files = (
			);
			inputPaths = (
			);
			name = "Copy Pods Resources";
			outputPaths = (
			);
			runOnlyForDeploymentPostprocessing = 0;
			shellPath = /bin/sh;
			shellScript = "\"${SRCROOT}/Pods/Target Support Files/Pods/Pods-resources.sh\"\n";
			showEnvVarsInLog = 0;
		};
/* End PBXShellScriptBuildPhase section */

/* Begin PBXSourcesBuildPhase section */
		CD0742E81969FDF1003F0BE8 /* Sources */ = {
			isa = PBXSourcesBuildPhase;
			buildActionMask = 2147483647;
			files = (
				8A018FB31A2F7DEF007EF85E /* GUAchievement.m in Sources */,
				CD8828B21991083D009E8D10 /* GUGameUp.m in Sources */,
				8A018FB41A2F7DEF007EF85E /* GUServer.m in Sources */,
				CD8828AD199107A4009E8D10 /* GUGamer.m in Sources */,
				CD0742F71969FDF1003F0BE8 /* GUGame.m in Sources */,
				8A38B40B1A31FC3B002FC7B0 /* GUAchievementUpdate.m in Sources */,
				CDEF31401987A12E00480139 /* GULoginViewController.m in Sources */,
				CD33F2201A5027F400275061 /* GUDefaultRequestRetryHandler.m in Sources */,
				CD34E7DE1A50A94A00A253E0 /* NSURLRequest+GUURLRequest.m in Sources */,
				CD34E7DB1A50995200A253E0 /* GUNoRequestRetryHandler.m in Sources */,
				CDECE7BE1A54644D000ADDEF /* GULeaderboardUpdate.m in Sources */,
				CDECE7B01A54461A000ADDEF /* GULeaderboard.m in Sources */,
				CDECE7B81A54594E000ADDEF /* GULeaderboardEntry.m in Sources */,
				CDECE7B51A5446A1000ADDEF /* GULeaderboardRank.m in Sources */,
			);
			runOnlyForDeploymentPostprocessing = 0;
		};
/* End PBXSourcesBuildPhase section */

/* Begin XCBuildConfiguration section */
		CD07430D1969FDF1003F0BE8 /* Debug */ = {
			isa = XCBuildConfiguration;
			buildSettings = {
				ALWAYS_SEARCH_USER_PATHS = YES;
				CLANG_CXX_LANGUAGE_STANDARD = "gnu++0x";
				CLANG_CXX_LIBRARY = "libc++";
				CLANG_ENABLE_MODULES = YES;
				CLANG_ENABLE_OBJC_ARC = YES;
				CLANG_WARN_BOOL_CONVERSION = YES;
				CLANG_WARN_CONSTANT_CONVERSION = YES;
				CLANG_WARN_DIRECT_OBJC_ISA_USAGE = YES_ERROR;
				CLANG_WARN_EMPTY_BODY = YES;
				CLANG_WARN_ENUM_CONVERSION = YES;
				CLANG_WARN_INT_CONVERSION = YES;
				CLANG_WARN_OBJC_ROOT_CLASS = YES_ERROR;
				CLANG_WARN__DUPLICATE_METHOD_MATCH = YES;
				COPY_PHASE_STRIP = NO;
				GCC_C_LANGUAGE_STANDARD = gnu99;
				GCC_DYNAMIC_NO_PIC = NO;
				GCC_OPTIMIZATION_LEVEL = 0;
				GCC_PREPROCESSOR_DEFINITIONS = (
					"DEBUG=1",
					"$(inherited)",
				);
				GCC_SYMBOLS_PRIVATE_EXTERN = NO;
				GCC_WARN_64_TO_32_BIT_CONVERSION = YES;
				GCC_WARN_ABOUT_RETURN_TYPE = YES_ERROR;
				GCC_WARN_UNDECLARED_SELECTOR = YES;
				GCC_WARN_UNINITIALIZED_AUTOS = YES_AGGRESSIVE;
				GCC_WARN_UNUSED_FUNCTION = YES;
				GCC_WARN_UNUSED_VARIABLE = YES;
				IPHONEOS_DEPLOYMENT_TARGET = 6.0;
				ONLY_ACTIVE_ARCH = YES;
				SDKROOT = iphoneos;
			};
			name = Debug;
		};
		CD07430E1969FDF1003F0BE8 /* Release */ = {
			isa = XCBuildConfiguration;
			buildSettings = {
				ALWAYS_SEARCH_USER_PATHS = YES;
				CLANG_CXX_LANGUAGE_STANDARD = "gnu++0x";
				CLANG_CXX_LIBRARY = "libc++";
				CLANG_ENABLE_MODULES = YES;
				CLANG_ENABLE_OBJC_ARC = YES;
				CLANG_WARN_BOOL_CONVERSION = YES;
				CLANG_WARN_CONSTANT_CONVERSION = YES;
				CLANG_WARN_DIRECT_OBJC_ISA_USAGE = YES_ERROR;
				CLANG_WARN_EMPTY_BODY = YES;
				CLANG_WARN_ENUM_CONVERSION = YES;
				CLANG_WARN_INT_CONVERSION = YES;
				CLANG_WARN_OBJC_ROOT_CLASS = YES_ERROR;
				CLANG_WARN__DUPLICATE_METHOD_MATCH = YES;
				COPY_PHASE_STRIP = YES;
				ENABLE_NS_ASSERTIONS = NO;
				GCC_C_LANGUAGE_STANDARD = gnu99;
				GCC_WARN_64_TO_32_BIT_CONVERSION = YES;
				GCC_WARN_ABOUT_RETURN_TYPE = YES_ERROR;
				GCC_WARN_UNDECLARED_SELECTOR = YES;
				GCC_WARN_UNINITIALIZED_AUTOS = YES_AGGRESSIVE;
				GCC_WARN_UNUSED_FUNCTION = YES;
				GCC_WARN_UNUSED_VARIABLE = YES;
				IPHONEOS_DEPLOYMENT_TARGET = 6.0;
				ONLY_ACTIVE_ARCH = YES;
				SDKROOT = iphoneos;
				VALIDATE_PRODUCT = YES;
			};
			name = Release;
		};
		CD0743101969FDF1003F0BE8 /* Debug */ = {
			isa = XCBuildConfiguration;
			baseConfigurationReference = 99A12952ADFE5319676D3E93 /* Pods.debug.xcconfig */;
			buildSettings = {
				DSTROOT = /tmp/GUGameUpSDK.dst;
				GCC_PRECOMPILE_PREFIX_HEADER = YES;
				GCC_PREFIX_HEADER = "Classes/GUGameUpSDK-Prefix.pch";
				LIBRARY_SEARCH_PATHS = "$(inherited)";
				PRODUCT_NAME = "$(TARGET_NAME)";
				SKIP_INSTALL = YES;
			};
			name = Debug;
		};
		CD0743111969FDF1003F0BE8 /* Release */ = {
			isa = XCBuildConfiguration;
			baseConfigurationReference = 61E67FDF41755CF42A5D99C9 /* Pods.release.xcconfig */;
			buildSettings = {
				DSTROOT = /tmp/GUGameUpSDK.dst;
				GCC_PRECOMPILE_PREFIX_HEADER = YES;
				GCC_PREFIX_HEADER = "Classes/GUGameUpSDK-Prefix.pch";
				LIBRARY_SEARCH_PATHS = "$(inherited)";
				PRODUCT_NAME = "$(TARGET_NAME)";
				SKIP_INSTALL = YES;
			};
			name = Release;
		};
/* End XCBuildConfiguration section */

/* Begin XCConfigurationList section */
		CD0742E71969FDF1003F0BE8 /* Build configuration list for PBXProject "GUGameUpSDK" */ = {
			isa = XCConfigurationList;
			buildConfigurations = (
				CD07430D1969FDF1003F0BE8 /* Debug */,
				CD07430E1969FDF1003F0BE8 /* Release */,
			);
			defaultConfigurationIsVisible = 0;
			defaultConfigurationName = Release;
		};
		CD07430F1969FDF1003F0BE8 /* Build configuration list for PBXNativeTarget "GUGameUpSDK" */ = {
			isa = XCConfigurationList;
			buildConfigurations = (
				CD0743101969FDF1003F0BE8 /* Debug */,
				CD0743111969FDF1003F0BE8 /* Release */,
			);
			defaultConfigurationIsVisible = 0;
			defaultConfigurationName = Release;
		};
/* End XCConfigurationList section */
	};
	rootObject = CD0742E41969FDF1003F0BE8 /* Project object */;
}
